github.com/mattn/go-runewidth v0.0.9 h1:Lm995f3rfxdpd6TSmuVCHVb/QhupuXlYr8sCI/QdE+0=
github.com/mattn/go-runewidth v0.0.9/go.mod h1:H031xJmbD/WCDINGzjvQ9THkh0rPKHF+m2gUSrubnMI=
github.com/nathan-fiscaletti/consolesize-go v0.0.0-20210105204122-a87d9f614b9d h1:PQW4Aqovdqc9efHl9EVA+bhKmuZ4ME1HvSYYDvaDiK0=
github.com/nathan-fiscaletti/consolesize-go v0.0.0-20210105204122-a87d9f614b9d/go.mod h1:cxIIfNMTwff8f/ZvRouvWYF6wOoO7nj99neWSx2q/Es=
